
Microsoft Visual Studio Solution File, Format Version 12.00
# Visual Studio Version 16
VisualStudioVersion = 16.0.29503.13
MinimumVisualStudioVersion = 10.0.40219.1
Project("{FAE04EC0-301F-11D3-BF4B-00C04F79EFBC}") = "CookingThoseBooks", "CookingThoseBooks\CookingThoseBooks.csproj", "{53DADED3-2097-4A12-9B3D-236F85EB8D39}"
EndProject
Global
	GlobalSection(SolutionConfigurationPlatforms) = preSolution
		Debug|Any CPU = Debug|Any CPU
		Release|Any CPU = Release|Any CPU
	EndGlobalSection
	GlobalSection(ProjectConfigurationPlatforms) = postSolution
		{53DADED3-2097-4A12-9B3D-236F85EB8D39}.Debug|Any CPU.ActiveCfg = Debug|Any CPU
		{53DADED3-2097-4A12-9B3D-236F85EB8D39}.Debug|Any CPU.Build.0 = Debug|Any CPU
		{53DADED3-2097-4A12-9B3D-236F85EB8D39}.Release|Any CPU.ActiveCfg = Release|Any CPU
		{53DADED3-2097-4A12-9B3D-236F85EB8D39}.Release|Any CPU.Build.0 = Release|Any CPU
	EndGlobalSection
	GlobalSection(SolutionProperties) = preSolution
		HideSolutionNode = FALSE
	EndGlobalSection
	GlobalSection(ExtensibilityGlobals) = postSolution
		SolutionGuid = {C1A1CE67-4FE6-449B-8AF8-FB3B2C56C514}
	EndGlobalSection
EndGlobal
